
Microsoft Visual Studio Solution File, Format Version 12.00
# Visual Studio Version 16
VisualStudioVersion = 16.0.31829.152
MinimumVisualStudioVersion = 10.0.40219.1
Project("{8BC9CEB8-8B4A-11D0-8D11-00A0C91BC942}") = "compresor zfp", "compresor zfp\compresor zfp.vcxproj", "{BCE4E00F-897E-467B-B84E-BFC87A86B957}"
EndProject
Global
	GlobalSection(SolutionConfigurationPlatforms) = preSolution
		Debug|x64 = Debug|x64
		Debug|x86 = Debug|x86
		Release|x64 = Release|x64
		Release|x86 = Release|x86
	EndGlobalSection
	GlobalSection(ProjectConfigurationPlatforms) = postSolution
		{BCE4E00F-897E-467B-B84E-BFC87A86B957}.Debug|x64.ActiveCfg = Debug|x64
		{BCE4E00F-897E-467B-B84E-BFC87A86B957}.Debug|x64.Build.0 = Debug|x64
		{BCE4E00F-897E-467B-B84E-BFC87A86B957}.Debug|x86.ActiveCfg = Debug|Win32
		{BCE4E00F-897E-467B-B84E-BFC87A86B957}.Debug|x86.Build.0 = Debug|Win32
		{BCE4E00F-897E-467B-B84E-BFC87A86B957}.Release|x64.ActiveCfg = Release|x64
		{BCE4E00F-897E-467B-B84E-BFC87A86B957}.Release|x64.Build.0 = Release|x64
		{BCE4E00F-897E-467B-B84E-BFC87A86B957}.Release|x86.ActiveCfg = Release|Win32
		{BCE4E00F-897E-467B-B84E-BFC87A86B957}.Release|x86.Build.0 = Release|Win32
	EndGlobalSection
	GlobalSection(SolutionProperties) = preSolution
		HideSolutionNode = FALSE
	EndGlobalSection
	GlobalSection(ExtensibilityGlobals) = postSolution
		SolutionGuid = {B16E0FA9-126D-42CA-8DCC-C110286B1B3A}
	EndGlobalSection
EndGlobal
